// !$*UTF8*$!
{
	archiveVersion = 1;
	classes = {
	};
	objectVersion = 56;
	objects = {

/* Begin PBXBuildFile section */
		A100000000000000000000EC /* VibeMenuApp.swift in Sources */ = {isa = PBXBuildFile; fileRef = A100000000000000000000E7 /* VibeMenuApp.swift */; };
		A100000000000000000000ED /* VibeMenuCore in Frameworks */ = {isa = PBXBuildFile; productRef = A100000000000000000000F5 /* VibeMenuCore */; };
		A100000000000000000000F7 /* Assets.xcassets in Resources */ = {isa = PBXBuildFile; fileRef = A100000000000000000000F6 /* Assets.xcassets */; };
/* End PBXBuildFile section */

/* Begin PBXFileReference section */
		A100000000000000000000E6 /* VibeMenu.app */ = {isa = PBXFileReference; explicitFileType = wrapper.application; includeInIndex = 0; path = VibeMenu.app; sourceTree = BUILT_PRODUCTS_DIR; };
		A100000000000000000000E7 /* VibeMenuApp.swift */ = {isa = PBXFileReference; lastKnownFileType = sourcecode.swift; name = VibeMenuApp.swift; path = ../Sources/VibeMenuApp/VibeMenuApp.swift; sourceTree = SOURCE_ROOT; };
		A100000000000000000000E8 /* Info.plist */ = {isa = PBXFileReference; lastKnownFileType = text.plist.xml; path = Info.plist; sourceTree = SOURCE_ROOT; };
		A100000000000000000000F6 /* Assets.xcassets */ = {isa = PBXFileReference; lastKnownFileType = folder.assetcatalog; path = Assets.xcassets; sourceTree = SOURCE_ROOT; };
/* End PBXFileReference section */

/* Begin PBXFrameworksBuildPhase section */
		A100000000000000000000EA /* Frameworks */ = {
			isa = PBXFrameworksBuildPhase;
			buildActionMask = 2147483647;
			files = (
				A100000000000000000000ED /* VibeMenuCore in Frameworks */,
			);
			runOnlyForDeploymentPostprocessing = 0;
		};
/* End PBXFrameworksBuildPhase section */

/* Begin PBXGroup section */
		A100000000000000000000E2 /* Main */ = {
			isa = PBXGroup;
			children = (
				A100000000000000000000E4 /* App */,
				A100000000000000000000E3 /* Products */,
			);
			sourceTree = "<group>";
		};
		A100000000000000000000E3 /* Products */ = {
			isa = PBXGroup;
			children = (
				A100000000000000000000E6 /* VibeMenu.app */,
			);
			name = Products;
			sourceTree = "<group>";
		};
		A100000000000000000000E4 /* App */ = {
			isa = PBXGroup;
			children = (
				A100000000000000000000E7 /* VibeMenuApp.swift */,
				A100000000000000000000E8 /* Info.plist */,
				A100000000000000000000F6 /* Assets.xcassets */,
			);
			name = App;
			sourceTree = "<group>";
		};
/* End PBXGroup section */

/* Begin PBXNativeTarget section */
		A100000000000000000000E5 /* VibeMenu */ = {
			isa = PBXNativeTarget;
			buildConfigurationList = A100000000000000000000EF /* Build configuration list for PBXNativeTarget "VibeMenu" */;
			buildPhases = (
				A100000000000000000000E9 /* Sources */,
				A100000000000000000000EA /* Frameworks */,
				A100000000000000000000EB /* Resources */,
			);
			buildRules = (
			);
			dependencies = (
			);
			name = VibeMenu;
			packageProductDependencies = (
				A100000000000000000000F5 /* VibeMenuCore */,
			);
			productName = VibeMenu;
			productReference = A100000000000000000000E6 /* VibeMenu.app */;
			productType = "com.apple.product-type.application";
		};
/* End PBXNativeTarget section */

/* Begin PBXProject section */
		A100000000000000000000E1 /* Project object */ = {
			isa = PBXProject;
			attributes = {
				BuildIndependentTargetsInParallel = 1;
				LastSwiftUpdateCheck = 2660;
				LastUpgradeCheck = 2660;
				TargetAttributes = {
					A100000000000000000000E5 = {
						CreatedOnToolsVersion = 26.6;
					};
				};
			};
			buildConfigurationList = A100000000000000000000EE /* Build configuration list for PBXProject "VibeMenu" */;
			compatibilityVersion = "Xcode 14.0";
			developmentRegion = en;
			hasScannedForEncodings = 0;
			knownRegions = (
				en,
				Base,
			);
			mainGroup = A100000000000000000000E2 /* Main */;
			packageReferences = (
				A100000000000000000000F4 /* XCLocalSwiftPackageReference "VibeMenu (root package)" */,
			);
			productRefGroup = A100000000000000000000E3 /* Products */;
			projectDirPath = "";
			projectRoot = "";
			targets = (
				A100000000000000000000E5 /* VibeMenu */,
			);
		};
/* End PBXProject section */

/* Begin PBXResourcesBuildPhase section */
		A100000000000000000000EB /* Resources */ = {
			isa = PBXResourcesBuildPhase;
			buildActionMask = 2147483647;
			files = (
				A100000000000000000000F7 /* Assets.xcassets in Resources */,
			);
			runOnlyForDeploymentPostprocessing = 0;
		};
/* End PBXResourcesBuildPhase section */

/* Begin PBXSourcesBuildPhase section */
		A100000000000000000000E9 /* Sources */ = {
			isa = PBXSourcesBuildPhase;
			buildActionMask = 2147483647;
			files = (
				A100000000000000000000EC /* VibeMenuApp.swift in Sources */,
			);
			runOnlyForDeploymentPostprocessing = 0;
		};
/* End PBXSourcesBuildPhase section */

/* Begin XCBuildConfiguration section */
		A100000000000000000000F0 /* Debug */ = {
			isa = XCBuildConfiguration;
			buildSettings = {
				ALWAYS_SEARCH_USER_PATHS = NO;
				CLANG_ENABLE_MODULES = YES;
				CLANG_ENABLE_OBJC_ARC = YES;
				COPY_PHASE_STRIP = NO;
				DEBUG_INFORMATION_FORMAT = dwarf;
				ENABLE_STRICT_OBJC_MSGSEND = YES;
				ENABLE_TESTABILITY = YES;
				GCC_DYNAMIC_NO_PIC = NO;
				GCC_OPTIMIZATION_LEVEL = 0;
				GCC_PREPROCESSOR_DEFINITIONS = (
					"DEBUG=1",
					"$(inherited)",
				);
				MACOSX_DEPLOYMENT_TARGET = 15.0;
				MTL_ENABLE_DEBUG_INFO = INCLUDE_SOURCE;
				ONLY_ACTIVE_ARCH = YES;
				SDKROOT = macosx;
				SWIFT_ACTIVE_COMPILATION_CONDITIONS = DEBUG;
				SWIFT_OPTIMIZATION_LEVEL = "-Onone";
			};
			name = Debug;
		};
		A100000000000000000000F1 /* Release */ = {
			isa = XCBuildConfiguration;
			buildSettings = {
				ALWAYS_SEARCH_USER_PATHS = NO;
				CLANG_ENABLE_MODULES = YES;
				CLANG_ENABLE_OBJC_ARC = YES;
				COPY_PHASE_STRIP = NO;
				DEBUG_INFORMATION_FORMAT = "dwarf-with-dsym";
				ENABLE_STRICT_OBJC_MSGSEND = YES;
				MACOSX_DEPLOYMENT_TARGET = 15.0;
				MTL_ENABLE_DEBUG_INFO = NO;
				SDKROOT = macosx;
				SWIFT_COMPILATION_MODE = wholemodule;
				SWIFT_OPTIMIZATION_LEVEL = "-O";
			};
			name = Release;
		};
		A100000000000000000000F2 /* Debug */ = {
			isa = XCBuildConfiguration;
			buildSettings = {
				ASSETCATALOG_COMPILER_APPICON_NAME = AppIcon;
				CODE_SIGN_IDENTITY = "-";
				CODE_SIGN_STYLE = Manual;
				COMBINE_HIDPI_IMAGES = YES;
				DEVELOPMENT_TEAM = "";
				ENABLE_HARDENED_RUNTIME = NO;
				GENERATE_INFOPLIST_FILE = NO;
				INFOPLIST_FILE = Info.plist;
				LD_RUNPATH_SEARCH_PATHS = (
					"$(inherited)",
					"@executable_path/../Frameworks",
				);
				MACOSX_DEPLOYMENT_TARGET = 15.0;
				PRODUCT_BUNDLE_IDENTIFIER = com.kirillchistov.VibeMenu;
				PRODUCT_NAME = VibeMenu;
				PROVISIONING_PROFILE_SPECIFIER = "";
				SWIFT_VERSION = 6.0;
			};
			name = Debug;
		};
		A100000000000000000000F3 /* Release */ = {
			isa = XCBuildConfiguration;
			buildSettings = {
				ASSETCATALOG_COMPILER_APPICON_NAME = AppIcon;
				CODE_SIGN_IDENTITY = "-";
				CODE_SIGN_STYLE = Manual;
				COMBINE_HIDPI_IMAGES = YES;
				DEVELOPMENT_TEAM = "";
				ENABLE_HARDENED_RUNTIME = NO;
				GENERATE_INFOPLIST_FILE = NO;
				INFOPLIST_FILE = Info.plist;
				LD_RUNPATH_SEARCH_PATHS = (
					"$(inherited)",
					"@executable_path/../Frameworks",
				);
				MACOSX_DEPLOYMENT_TARGET = 15.0;
				PRODUCT_BUNDLE_IDENTIFIER = com.kirillchistov.VibeMenu;
				PRODUCT_NAME = VibeMenu;
				PROVISIONING_PROFILE_SPECIFIER = "";
				SWIFT_VERSION = 6.0;
			};
			name = Release;
		};
/* End XCBuildConfiguration section */

/* Begin XCConfigurationList section */
		A100000000000000000000EE /* Build configuration list for PBXProject "VibeMenu" */ = {
			isa = XCConfigurationList;
			buildConfigurations = (
				A100000000000000000000F0 /* Debug */,
				A100000000000000000000F1 /* Release */,
			);
			defaultConfigurationIsVisible = 0;
			defaultConfigurationName = Release;
		};
		A100000000000000000000EF /* Build configuration list for PBXNativeTarget "VibeMenu" */ = {
			isa = XCConfigurationList;
			buildConfigurations = (
				A100000000000000000000F2 /* Debug */,
				A100000000000000000000F3 /* Release */,
			);
			defaultConfigurationIsVisible = 0;
			defaultConfigurationName = Release;
		};
/* End XCConfigurationList section */

/* Begin XCLocalSwiftPackageReference section */
		A100000000000000000000F4 /* XCLocalSwiftPackageReference "VibeMenu (root package)" */ = {
			isa = XCLocalSwiftPackageReference;
			relativePath = ..;
		};
/* End XCLocalSwiftPackageReference section */

/* Begin XCSwiftPackageProductDependency section */
		A100000000000000000000F5 /* VibeMenuCore */ = {
			isa = XCSwiftPackageProductDependency;
			productName = VibeMenuCore;
		};
/* End XCSwiftPackageProductDependency section */
	};
	rootObject = A100000000000000000000E1 /* Project object */;
}
